
Microsoft Visual Studio Solution File, Format Version 12.00
# Visual Studio 15
VisualStudioVersion = 15.0.28010.2036
MinimumVisualStudioVersion = 10.0.40219.1
Project("{FAE04EC0-301F-11D3-BF4B-00C04F79EFBC}") = "Kiwipedia2.0", "Kiwipedia2.0\Kiwipedia2.0.csproj", "{37CEE323-3F3F-4CB6-8AEF-BE17B6316776}"
EndProject
Global
	GlobalSection(SolutionConfigurationPlatforms) = preSolution
		Debug|Any CPU = Debug|Any CPU
		Release|Any CPU = Release|Any CPU
	EndGlobalSection
	GlobalSection(ProjectConfigurationPlatforms) = postSolution
		{37CEE323-3F3F-4CB6-8AEF-BE17B6316776}.Debug|Any CPU.ActiveCfg = Debug|Any CPU
		{37CEE323-3F3F-4CB6-8AEF-BE17B6316776}.Debug|Any CPU.Build.0 = Debug|Any CPU
		{37CEE323-3F3F-4CB6-8AEF-BE17B6316776}.Release|Any CPU.ActiveCfg = Release|Any CPU
		{37CEE323-3F3F-4CB6-8AEF-BE17B6316776}.Release|Any CPU.Build.0 = Release|Any CPU
	EndGlobalSection
	GlobalSection(SolutionProperties) = preSolution
		HideSolutionNode = FALSE
	EndGlobalSection
	GlobalSection(ExtensibilityGlobals) = postSolution
		SolutionGuid = {A131151A-DE03-4322-8FB0-BE42374ADD1B}
	EndGlobalSection
EndGlobal
